{
  "name": "totalg",
  "version": "1.0.0",
  "lockfileVersion": 3,
  "requires": true,
  "packages": {
    "": {
      "name": "totalg",
      "version": "1.0.0",
      "license": "ISC",
      "dependencies": {
        "total5": "^0.0.12"
      }
    },
    "node_modules/total5": {
      "version": "0.0.12",
      "resolved": "https://registry.npmjs.org/total5/-/total5-0.0.12.tgz",
      "integrity": "sha512-WFnLxfSMO8+O0rdg+mKYp6zMbzb+rXJL8gPqF+idSUO084WJ2mV4/oQqGe7sSuwopqrz/WM9sw0JlPEvXeyjMA==",
      "license": "MIT",
      "bin": {
        "flow5": "bin/flow5",
        "total5": "bin/total5"
      }
    }
  }
}
